// !$*UTF8*$!
{
	archiveVersion = 1;
	classes = {
	};
	objectVersion = 56;
	objects = {

/* Begin PBXBuildFile section */
		452BD0C32C6BD66E00D38BB2 /* SpendLessApp.swift in Sources */ = {isa = PBXBuildFile; fileRef = 452BD0C22C6BD66E00D38BB2 /* SpendLessApp.swift */; };
		452BD0C52C6BD66E00D38BB2 /* ContentView.swift in Sources */ = {isa = PBXBuildFile; fileRef = 452BD0C42C6BD66E00D38BB2 /* ContentView.swift */; };
		452BD0C72C6BD66E00D38BB2 /* Item.swift in Sources */ = {isa = PBXBuildFile; fileRef = 452BD0C62C6BD66E00D38BB2 /* Item.swift */; };
		452BD0C92C6BD67000D38BB2 /* Assets.xcassets in Resources */ = {isa = PBXBuildFile; fileRef = 452BD0C82C6BD67000D38BB2 /* Assets.xcassets */; };
		452BD0CC2C6BD67000D38BB2 /* Preview Assets.xcassets in Resources */ = {isa = PBXBuildFile; fileRef = 452BD0CB2C6BD67000D38BB2 /* Preview Assets.xcassets */; };
		452BD0D62C6BD67000D38BB2 /* SpendLessTests.swift in Sources */ = {isa = PBXBuildFile; fileRef = 452BD0D52C6BD67000D38BB2 /* SpendLessTests.swift */; };
		452BD0E02C6BD67000D38BB2 /* SpendLessUITests.swift in Sources */ = {isa = PBXBuildFile; fileRef = 452BD0DF2C6BD67000D38BB2 /* SpendLessUITests.swift */; };
		452BD0E22C6BD67000D38BB2 /* SpendLessUITestsLaunchTests.swift in Sources */ = {isa = PBXBuildFile; fileRef = 452BD0E12C6BD67000D38BB2 /* SpendLessUITestsLaunchTests.swift */; };
/* End PBXBuildFile section */

/* Begin PBXContainerItemProxy section */
		452BD0D22C6BD67000D38BB2 /* PBXContainerItemProxy */ = {
			isa = PBXContainerItemProxy;
			containerPortal = 452BD0B72C6BD66E00D38BB2 /* Project object */;
			proxyType = 1;
			remoteGlobalIDString = 452BD0BE2C6BD66E00D38BB2;
			remoteInfo = SpendLess;
		};
		452BD0DC2C6BD67000D38BB2 /* PBXContainerItemProxy */ = {
			isa = PBXContainerItemProxy;
			containerPortal = 452BD0B72C6BD66E00D38BB2 /* Project object */;
			proxyType = 1;
			remoteGlobalIDString = 452BD0BE2C6BD66E00D38BB2;
			remoteInfo = SpendLess;
		};
/* End PBXContainerItemProxy section */

/* Begin PBXFileReference section */
		452BD0BF2C6BD66E00D38BB2 /* SpendLess.app */ = {isa = PBXFileReference; explicitFileType = wrapper.application; includeInIndex = 0; path = SpendLess.app; sourceTree = BUILT_PRODUCTS_DIR; };
		452BD0C22C6BD66E00D38BB2 /* SpendLessApp.swift */ = {isa = PBXFileReference; lastKnownFileType = sourcecode.swift; path = SpendLessApp.swift; sourceTree = "<group>"; };
		452BD0C42C6BD66E00D38BB2 /* ContentView.swift */ = {isa = PBXFileReference; lastKnownFileType = sourcecode.swift; path = ContentView.swift; sourceTree = "<group>"; };
		452BD0C62C6BD66E00D38BB2 /* Item.swift */ = {isa = PBXFileReference; lastKnownFileType = sourcecode.swift; path = Item.swift; sourceTree = "<group>"; };
		452BD0C82C6BD67000D38BB2 /* Assets.xcassets */ = {isa = PBXFileReference; lastKnownFileType = folder.assetcatalog; path = Assets.xcassets; sourceTree = "<group>"; };
		452BD0CB2C6BD67000D38BB2 /* Preview Assets.xcassets */ = {isa = PBXFileReference; lastKnownFileType = folder.assetcatalog; path = "Preview Assets.xcassets"; sourceTree = "<group>"; };
		452BD0D12C6BD67000D38BB2 /* SpendLessTests.xctest */ = {isa = PBXFileReference; explicitFileType = wrapper.cfbundle; includeInIndex = 0; path = SpendLessTests.xctest; sourceTree = BUILT_PRODUCTS_DIR; };
		452BD0D52C6BD67000D38BB2 /* SpendLessTests.swift */ = {isa = PBXFileReference; lastKnownFileType = sourcecode.swift; path = SpendLessTests.swift; sourceTree = "<group>"; };
		452BD0DB2C6BD67000D38BB2 /* SpendLessUITests.xctest */ = {isa = PBXFileReference; explicitFileType = wrapper.cfbundle; includeInIndex = 0; path = SpendLessUITests.xctest; sourceTree = BUILT_PRODUCTS_DIR; };
		452BD0DF2C6BD67000D38BB2 /* SpendLessUITests.swift */ = {isa = PBXFileReference; lastKnownFileType = sourcecode.swift; path = SpendLessUITests.swift; sourceTree = "<group>"; };
		452BD0E12C6BD67000D38BB2 /* SpendLessUITestsLaunchTests.swift */ = {isa = PBXFileReference; lastKnownFileType = sourcecode.swift; path = SpendLessUITestsLaunchTests.swift; sourceTree = "<group>"; };
/* End PBXFileReference section */

/* Begin PBXFrameworksBuildPhase section */
		452BD0BC2C6BD66E00D38BB2 /* Frameworks */ = {
			isa = PBXFrameworksBuildPhase;
			buildActionMask = 2147483647;
			files = (
			);
			runOnlyForDeploymentPostprocessing = 0;
		};
		452BD0CE2C6BD67000D38BB2 /* Frameworks */ = {
			isa = PBXFrameworksBuildPhase;
			buildActionMask = 2147483647;
			files = (
			);
			runOnlyForDeploymentPostprocessing = 0;
		};
		452BD0D82C6BD67000D38BB2 /* Frameworks */ = {
			isa = PBXFrameworksBuildPhase;
			buildActionMask = 2147483647;
			files = (
			);
			runOnlyForDeploymentPostprocessing = 0;
		};
/* End PBXFrameworksBuildPhase section */

/* Begin PBXGroup section */
		452BD0B62C6BD66E00D38BB2 = {
			isa = PBXGroup;
			children = (
				452BD0C12C6BD66E00D38BB2 /* SpendLess */,
				452BD0D42C6BD67000D38BB2 /* SpendLessTests */,
				452BD0DE2C6BD67000D38BB2 /* SpendLessUITests */,
				452BD0C02C6BD66E00D38BB2 /* Products */,
			);
			sourceTree = "<group>";
		};
		452BD0C02C6BD66E00D38BB2 /* Products */ = {
			isa = PBXGroup;
			children = (
				452BD0BF2C6BD66E00D38BB2 /* SpendLess.app */,
				452BD0D12C6BD67000D38BB2 /* SpendLessTests.xctest */,
				452BD0DB2C6BD67000D38BB2 /* SpendLessUITests.xctest */,
			);
			name = Products;
			sourceTree = "<group>";
		};
		452BD0C12C6BD66E00D38BB2 /* SpendLess */ = {
			isa = PBXGroup;
			children = (
				452BD0C22C6BD66E00D38BB2 /* SpendLessApp.swift */,
				452BD0C42C6BD66E00D38BB2 /* ContentView.swift */,
				452BD0C62C6BD66E00D38BB2 /* Item.swift */,
				452BD0C82C6BD67000D38BB2 /* Assets.xcassets */,
				452BD0CA2C6BD67000D38BB2 /* Preview Content */,
			);
			path = SpendLess;
			sourceTree = "<group>";
		};
		452BD0CA2C6BD67000D38BB2 /* Preview Content */ = {
			isa = PBXGroup;
			children = (
				452BD0CB2C6BD67000D38BB2 /* Preview Assets.xcassets */,
			);
			path = "Preview Content";
			sourceTree = "<group>";
		};
		452BD0D42C6BD67000D38BB2 /* SpendLessTests */ = {
			isa = PBXGroup;
			children = (
				452BD0D52C6BD67000D38BB2 /* SpendLessTests.swift */,
			);
			path = SpendLessTests;
			sourceTree = "<group>";
		};
		452BD0DE2C6BD67000D38BB2 /* SpendLessUITests */ = {
			isa = PBXGroup;
			children = (
				452BD0DF2C6BD67000D38BB2 /* SpendLessUITests.swift */,
				452BD0E12C6BD67000D38BB2 /* SpendLessUITestsLaunchTests.swift */,
			);
			path = SpendLessUITests;
			sourceTree = "<group>";
		};
/* End PBXGroup section */

/* Begin PBXNativeTarget section */
		452BD0BE2C6BD66E00D38BB2 /* SpendLess */ = {
			isa = PBXNativeTarget;
			buildConfigurationList = 452BD0E52C6BD67000D38BB2 /* Build configuration list for PBXNativeTarget "SpendLess" */;
			buildPhases = (
				452BD0BB2C6BD66E00D38BB2 /* Sources */,
				452BD0BC2C6BD66E00D38BB2 /* Frameworks */,
				452BD0BD2C6BD66E00D38BB2 /* Resources */,
			);
			buildRules = (
			);
			dependencies = (
			);
			name = SpendLess;
			productName = SpendLess;
			productReference = 452BD0BF2C6BD66E00D38BB2 /* SpendLess.app */;
			productType = "com.apple.product-type.application";
		};
		452BD0D02C6BD67000D38BB2 /* SpendLessTests */ = {
			isa = PBXNativeTarget;
			buildConfigurationList = 452BD0E82C6BD67000D38BB2 /* Build configuration list for PBXNativeTarget "SpendLessTests" */;
			buildPhases = (
				452BD0CD2C6BD67000D38BB2 /* Sources */,
				452BD0CE2C6BD67000D38BB2 /* Frameworks */,
				452BD0CF2C6BD67000D38BB2 /* Resources */,
			);
			buildRules = (
			);
			dependencies = (
				452BD0D32C6BD67000D38BB2 /* PBXTargetDependency */,
			);
			name = SpendLessTests;
			productName = SpendLessTests;
			productReference = 452BD0D12C6BD67000D38BB2 /* SpendLessTests.xctest */;
			productType = "com.apple.product-type.bundle.unit-test";
		};
		452BD0DA2C6BD67000D38BB2 /* SpendLessUITests */ = {
			isa = PBXNativeTarget;
			buildConfigurationList = 452BD0EB2C6BD67000D38BB2 /* Build configuration list for PBXNativeTarget "SpendLessUITests" */;
			buildPhases = (
				452BD0D72C6BD67000D38BB2 /* Sources */,
				452BD0D82C6BD67000D38BB2 /* Frameworks */,
				452BD0D92C6BD67000D38BB2 /* Resources */,
			);
			buildRules = (
			);
			dependencies = (
				452BD0DD2C6BD67000D38BB2 /* PBXTargetDependency */,
			);
			name = SpendLessUITests;
			productName = SpendLessUITests;
			productReference = 452BD0DB2C6BD67000D38BB2 /* SpendLessUITests.xctest */;
			productType = "com.apple.product-type.bundle.ui-testing";
		};
/* End PBXNativeTarget section */

/* Begin PBXProject section */
		452BD0B72C6BD66E00D38BB2 /* Project object */ = {
			isa = PBXProject;
			attributes = {
				BuildIndependentTargetsInParallel = 1;
				LastSwiftUpdateCheck = 1540;
				LastUpgradeCheck = 1540;
				TargetAttributes = {
					452BD0BE2C6BD66E00D38BB2 = {
						CreatedOnToolsVersion = 15.4;
					};
					452BD0D02C6BD67000D38BB2 = {
						CreatedOnToolsVersion = 15.4;
						TestTargetID = 452BD0BE2C6BD66E00D38BB2;
					};
					452BD0DA2C6BD67000D38BB2 = {
						CreatedOnToolsVersion = 15.4;
						TestTargetID = 452BD0BE2C6BD66E00D38BB2;
					};
				};
			};
			buildConfigurationList = 452BD0BA2C6BD66E00D38BB2 /* Build configuration list for PBXProject "SpendLess" */;
			compatibilityVersion = "Xcode 14.0";
			developmentRegion = en;
			hasScannedForEncodings = 0;
			knownRegions = (
				en,
				Base,
			);
			mainGroup = 452BD0B62C6BD66E00D38BB2;
			productRefGroup = 452BD0C02C6BD66E00D38BB2 /* Products */;
			projectDirPath = "";
			projectRoot = "";
			targets = (
				452BD0BE2C6BD66E00D38BB2 /* SpendLess */,
				452BD0D02C6BD67000D38BB2 /* SpendLessTests */,
				452BD0DA2C6BD67000D38BB2 /* SpendLessUITests */,
			);
		};
/* End PBXProject section */

/* Begin PBXResourcesBuildPhase section */
		452BD0BD2C6BD66E00D38BB2 /* Resources */ = {
			isa = PBXResourcesBuildPhase;
			buildActionMask = 2147483647;
			files = (
				452BD0CC2C6BD67000D38BB2 /* Preview Assets.xcassets in Resources */,
				452BD0C92C6BD67000D38BB2 /* Assets.xcassets in Resources */,
			);
			runOnlyForDeploymentPostprocessing = 0;
		};
		452BD0CF2C6BD67000D38BB2 /* Resources */ = {
			isa = PBXResourcesBuildPhase;
			buildActionMask = 2147483647;
			files = (
			);
			runOnlyForDeploymentPostprocessing = 0;
		};
		452BD0D92C6BD67000D38BB2 /* Resources */ = {
			isa = PBXResourcesBuildPhase;
			buildActionMask = 2147483647;
			files = (
			);
			runOnlyForDeploymentPostprocessing = 0;
		};
/* End PBXResourcesBuildPhase section */

/* Begin PBXSourcesBuildPhase section */
		452BD0BB2C6BD66E00D38BB2 /* Sources */ = {
			isa = PBXSourcesBuildPhase;
			buildActionMask = 2147483647;
			files = (
				452BD0C52C6BD66E00D38BB2 /* ContentView.swift in Sources */,
				452BD0C72C6BD66E00D38BB2 /* Item.swift in Sources */,
				452BD0C32C6BD66E00D38BB2 /* SpendLessApp.swift in Sources */,
			);
			runOnlyForDeploymentPostprocessing = 0;
		};
		452BD0CD2C6BD67000D38BB2 /* Sources */ = {
			isa = PBXSourcesBuildPhase;
			buildActionMask = 2147483647;
			files = (
				452BD0D62C6BD67000D38BB2 /* SpendLessTests.swift in Sources */,
			);
			runOnlyForDeploymentPostprocessing = 0;
		};
		452BD0D72C6BD67000D38BB2 /* Sources */ = {
			isa = PBXSourcesBuildPhase;
			buildActionMask = 2147483647;
			files = (
				452BD0E22C6BD67000D38BB2 /* SpendLessUITestsLaunchTests.swift in Sources */,
				452BD0E02C6BD67000D38BB2 /* SpendLessUITests.swift in Sources */,
			);
			runOnlyForDeploymentPostprocessing = 0;
		};
/* End PBXSourcesBuildPhase section */

/* Begin PBXTargetDependency section */
		452BD0D32C6BD67000D38BB2 /* PBXTargetDependency */ = {
			isa = PBXTargetDependency;
			target = 452BD0BE2C6BD66E00D38BB2 /* SpendLess */;
			targetProxy = 452BD0D22C6BD67000D38BB2 /* PBXContainerItemProxy */;
		};
		452BD0DD2C6BD67000D38BB2 /* PBXTargetDependency */ = {
			isa = PBXTargetDependency;
			target = 452BD0BE2C6BD66E00D38BB2 /* SpendLess */;
			targetProxy = 452BD0DC2C6BD67000D38BB2 /* PBXContainerItemProxy */;
		};
/* End PBXTargetDependency section */

/* Begin XCBuildConfiguration section */
		452BD0E32C6BD67000D38BB2 /* Debug */ = {
			isa = XCBuildConfiguration;
			buildSettings = {
				ALWAYS_SEARCH_USER_PATHS = NO;
				ASSETCATALOG_COMPILER_GENERATE_SWIFT_ASSET_SYMBOL_EXTENSIONS = YES;
				CLANG_ANALYZER_NONNULL = YES;
				CLANG_ANALYZER_NUMBER_OBJECT_CONVERSION = YES_AGGRESSIVE;
				CLANG_CXX_LANGUAGE_STANDARD = "gnu++20";
				CLANG_ENABLE_MODULES = YES;
				CLANG_ENABLE_OBJC_ARC = YES;
				CLANG_ENABLE_OBJC_WEAK = YES;
				CLANG_WARN_BLOCK_CAPTURE_AUTORELEASING = YES;
				CLANG_WARN_BOOL_CONVERSION = YES;
				CLANG_WARN_COMMA = YES;
				CLANG_WARN_CONSTANT_CONVERSION = YES;
				CLANG_WARN_DEPRECATED_OBJC_IMPLEMENTATIONS = YES;
				CLANG_WARN_DIRECT_OBJC_ISA_USAGE = YES_ERROR;
				CLANG_WARN_DOCUMENTATION_COMMENTS = YES;
				CLANG_WARN_EMPTY_BODY = YES;
				CLANG_WARN_ENUM_CONVERSION = YES;
				CLANG_WARN_INFINITE_RECURSION = YES;
				CLANG_WARN_INT_CONVERSION = YES;
				CLANG_WARN_NON_LITERAL_NULL_CONVERSION = YES;
				CLANG_WARN_OBJC_IMPLICIT_RETAIN_SELF = YES;
				CLANG_WARN_OBJC_LITERAL_CONVERSION = YES;
				CLANG_WARN_OBJC_ROOT_CLASS = YES_ERROR;
				CLANG_WARN_QUOTED_INCLUDE_IN_FRAMEWORK_HEADER = YES;
				CLANG_WARN_RANGE_LOOP_ANALYSIS = YES;
				CLANG_WARN_STRICT_PROTOTYPES = YES;
				CLANG_WARN_SUSPICIOUS_MOVE = YES;
				CLANG_WARN_UNGUARDED_AVAILABILITY = YES_AGGRESSIVE;
				CLANG_WARN_UNREACHABLE_CODE = YES;
				CLANG_WARN__DUPLICATE_METHOD_MATCH = YES;
				COPY_PHASE_STRIP = NO;
				DEBUG_INFORMATION_FORMAT = dwarf;
				ENABLE_STRICT_OBJC_MSGSEND = YES;
				ENABLE_TESTABILITY = YES;
				ENABLE_USER_SCRIPT_SANDBOXING = YES;
				GCC_C_LANGUAGE_STANDARD = gnu17;
				GCC_DYNAMIC_NO_PIC = NO;
				GCC_NO_COMMON_BLOCKS = YES;
				GCC_OPTIMIZATION_LEVEL = 0;
				GCC_PREPROCESSOR_DEFINITIONS = (
					"DEBUG=1",
					"$(inherited)",
				);
				GCC_WARN_64_TO_32_BIT_CONVERSION = YES;
				GCC_WARN_ABOUT_RETURN_TYPE = YES_ERROR;
				GCC_WARN_UNDECLARED_SELECTOR = YES;
				GCC_WARN_UNINITIALIZED_AUTOS = YES_AGGRESSIVE;
				GCC_WARN_UNUSED_FUNCTION = YES;
				GCC_WARN_UNUSED_VARIABLE = YES;
				IPHONEOS_DEPLOYMENT_TARGET = 17.5;
				LOCALIZATION_PREFERS_STRING_CATALOGS = YES;
				MTL_ENABLE_DEBUG_INFO = INCLUDE_SOURCE;
				MTL_FAST_MATH = YES;
				ONLY_ACTIVE_ARCH = YES;
				SDKROOT = iphoneos;
				SWIFT_ACTIVE_COMPILATION_CONDITIONS = "DEBUG $(inherited)";
				SWIFT_OPTIMIZATION_LEVEL = "-Onone";
			};
			name = Debug;
		};
		452BD0E42C6BD67000D38BB2 /* Release */ = {
			isa = XCBuildConfiguration;
			buildSettings = {
				ALWAYS_SEARCH_USER_PATHS = NO;
				ASSETCATALOG_COMPILER_GENERATE_SWIFT_ASSET_SYMBOL_EXTENSIONS = YES;
				CLANG_ANALYZER_NONNULL = YES;
				CLANG_ANALYZER_NUMBER_OBJECT_CONVERSION = YES_AGGRESSIVE;
				CLANG_CXX_LANGUAGE_STANDARD = "gnu++20";
				CLANG_ENABLE_MODULES = YES;
				CLANG_ENABLE_OBJC_ARC = YES;
				CLANG_ENABLE_OBJC_WEAK = YES;
				CLANG_WARN_BLOCK_CAPTURE_AUTORELEASING = YES;
				CLANG_WARN_BOOL_CONVERSION = YES;
				CLANG_WARN_COMMA = YES;
				CLANG_WARN_CONSTANT_CONVERSION = YES;
				CLANG_WARN_DEPRECATED_OBJC_IMPLEMENTATIONS = YES;
				CLANG_WARN_DIRECT_OBJC_ISA_USAGE = YES_ERROR;
				CLANG_WARN_DOCUMENTATION_COMMENTS = YES;
				CLANG_WARN_EMPTY_BODY = YES;
				CLANG_WARN_ENUM_CONVERSION = YES;
				CLANG_WARN_INFINITE_RECURSION = YES;
				CLANG_WARN_INT_CONVERSION = YES;
				CLANG_WARN_NON_LITERAL_NULL_CONVERSION = YES;
				CLANG_WARN_OBJC_IMPLICIT_RETAIN_SELF = YES;
				CLANG_WARN_OBJC_LITERAL_CONVERSION = YES;
				CLANG_WARN_OBJC_ROOT_CLASS = YES_ERROR;
				CLANG_WARN_QUOTED_INCLUDE_IN_FRAMEWORK_HEADER = YES;
				CLANG_WARN_RANGE_LOOP_ANALYSIS = YES;
				CLANG_WARN_STRICT_PROTOTYPES = YES;
				CLANG_WARN_SUSPICIOUS_MOVE = YES;
				CLANG_WARN_UNGUARDED_AVAILABILITY = YES_AGGRESSIVE;
				CLANG_WARN_UNREACHABLE_CODE = YES;
				CLANG_WARN__DUPLICATE_METHOD_MATCH = YES;
				COPY_PHASE_STRIP = NO;
				DEBUG_INFORMATION_FORMAT = "dwarf-with-dsym";
				ENABLE_NS_ASSERTIONS = NO;
				ENABLE_STRICT_OBJC_MSGSEND = YES;
				ENABLE_USER_SCRIPT_SANDBOXING = YES;
				GCC_C_LANGUAGE_STANDARD = gnu17;
				GCC_NO_COMMON_BLOCKS = YES;
				GCC_WARN_64_TO_32_BIT_CONVERSION = YES;
				GCC_WARN_ABOUT_RETURN_TYPE = YES_ERROR;
				GCC_WARN_UNDECLARED_SELECTOR = YES;
				GCC_WARN_UNINITIALIZED_AUTOS = YES_AGGRESSIVE;
				GCC_WARN_UNUSED_FUNCTION = YES;
				GCC_WARN_UNUSED_VARIABLE = YES;
				IPHONEOS_DEPLOYMENT_TARGET = 17.5;
				LOCALIZATION_PREFERS_STRING_CATALOGS = YES;
				MTL_ENABLE_DEBUG_INFO = NO;
				MTL_FAST_MATH = YES;
				SDKROOT = iphoneos;
				SWIFT_COMPILATION_MODE = wholemodule;
				VALIDATE_PRODUCT = YES;
			};
			name = Release;
		};
		452BD0E62C6BD67000D38BB2 /* Debug */ = {
			isa = XCBuildConfiguration;
			buildSettings = {
				ASSETCATALOG_COMPILER_APPICON_NAME = AppIcon;
				ASSETCATALOG_COMPILER_GLOBAL_ACCENT_COLOR_NAME = AccentColor;
				CODE_SIGN_STYLE = Automatic;
				CURRENT_PROJECT_VERSION = 1;
				DEVELOPMENT_ASSET_PATHS = "\"SpendLess/Preview Content\"";
				ENABLE_PREVIEWS = YES;
				GENERATE_INFOPLIST_FILE = YES;
				INFOPLIST_KEY_UIApplicationSceneManifest_Generation = YES;
				INFOPLIST_KEY_UIApplicationSupportsIndirectInputEvents = YES;
				INFOPLIST_KEY_UILaunchScreen_Generation = YES;
				INFOPLIST_KEY_UISupportedInterfaceOrientations_iPad = "UIInterfaceOrientationPortrait UIInterfaceOrientationPortraitUpsideDown UIInterfaceOrientationLandscapeLeft UIInterfaceOrientationLandscapeRight";
				INFOPLIST_KEY_UISupportedInterfaceOrientations_iPhone = "UIInterfaceOrientationPortrait UIInterfaceOrientationLandscapeLeft UIInterfaceOrientationLandscapeRight";
				LD_RUNPATH_SEARCH_PATHS = (
					"$(inherited)",
					"@executable_path/Frameworks",
				);
				MARKETING_VERSION = 1.0;
				PRODUCT_BUNDLE_IDENTIFIER = sanket.SpendLess;
				PRODUCT_NAME = "$(TARGET_NAME)";
				SWIFT_EMIT_LOC_STRINGS = YES;
				SWIFT_VERSION = 5.0;
				TARGETED_DEVICE_FAMILY = "1,2";
			};
			name = Debug;
		};
		452BD0E72C6BD67000D38BB2 /* Release */ = {
			isa = XCBuildConfiguration;
			buildSettings = {
				ASSETCATALOG_COMPILER_APPICON_NAME = AppIcon;
				ASSETCATALOG_COMPILER_GLOBAL_ACCENT_COLOR_NAME = AccentColor;
				CODE_SIGN_STYLE = Automatic;
				CURRENT_PROJECT_VERSION = 1;
				DEVELOPMENT_ASSET_PATHS = "\"SpendLess/Preview Content\"";
				ENABLE_PREVIEWS = YES;
				GENERATE_INFOPLIST_FILE = YES;
				INFOPLIST_KEY_UIApplicationSceneManifest_Generation = YES;
				INFOPLIST_KEY_UIApplicationSupportsIndirectInputEvents = YES;
				INFOPLIST_KEY_UILaunchScreen_Generation = YES;
				INFOPLIST_KEY_UISupportedInterfaceOrientations_iPad = "UIInterfaceOrientationPortrait UIInterfaceOrientationPortraitUpsideDown UIInterfaceOrientationLandscapeLeft UIInterfaceOrientationLandscapeRight";
				INFOPLIST_KEY_UISupportedInterfaceOrientations_iPhone = "UIInterfaceOrientationPortrait UIInterfaceOrientationLandscapeLeft UIInterfaceOrientationLandscapeRight";
				LD_RUNPATH_SEARCH_PATHS = (
					"$(inherited)",
					"@executable_path/Frameworks",
				);
				MARKETING_VERSION = 1.0;
				PRODUCT_BUNDLE_IDENTIFIER = sanket.SpendLess;
				PRODUCT_NAME = "$(TARGET_NAME)";
				SWIFT_EMIT_LOC_STRINGS = YES;
				SWIFT_VERSION = 5.0;
				TARGETED_DEVICE_FAMILY = "1,2";
			};
			name = Release;
		};
		452BD0E92C6BD67000D38BB2 /* Debug */ = {
			isa = XCBuildConfiguration;
			buildSettings = {
				ALWAYS_EMBED_SWIFT_STANDARD_LIBRARIES = YES;
				BUNDLE_LOADER = "$(TEST_HOST)";
				CODE_SIGN_STYLE = Automatic;
				CURRENT_PROJECT_VERSION = 1;
				GENERATE_INFOPLIST_FILE = YES;
				IPHONEOS_DEPLOYMENT_TARGET = 17.5;
				MARKETING_VERSION = 1.0;
				PRODUCT_BUNDLE_IDENTIFIER = sanket.SpendLessTests;
				PRODUCT_NAME = "$(TARGET_NAME)";
				SWIFT_EMIT_LOC_STRINGS = NO;
				SWIFT_VERSION = 5.0;
				TARGETED_DEVICE_FAMILY = "1,2";
				TEST_HOST = "$(BUILT_PRODUCTS_DIR)/SpendLess.app/$(BUNDLE_EXECUTABLE_FOLDER_PATH)/SpendLess";
			};
			name = Debug;
		};
		452BD0EA2C6BD67000D38BB2 /* Release */ = {
			isa = XCBuildConfiguration;
			buildSettings = {
				ALWAYS_EMBED_SWIFT_STANDARD_LIBRARIES = YES;
				BUNDLE_LOADER = "$(TEST_HOST)";
				CODE_SIGN_STYLE = Automatic;
				CURRENT_PROJECT_VERSION = 1;
				GENERATE_INFOPLIST_FILE = YES;
				IPHONEOS_DEPLOYMENT_TARGET = 17.5;
				MARKETING_VERSION = 1.0;
				PRODUCT_BUNDLE_IDENTIFIER = sanket.SpendLessTests;
				PRODUCT_NAME = "$(TARGET_NAME)";
				SWIFT_EMIT_LOC_STRINGS = NO;
				SWIFT_VERSION = 5.0;
				TARGETED_DEVICE_FAMILY = "1,2";
				TEST_HOST = "$(BUILT_PRODUCTS_DIR)/SpendLess.app/$(BUNDLE_EXECUTABLE_FOLDER_PATH)/SpendLess";
			};
			name = Release;
		};
		452BD0EC2C6BD67000D38BB2 /* Debug */ = {
			isa = XCBuildConfiguration;
			buildSettings = {
				ALWAYS_EMBED_SWIFT_STANDARD_LIBRARIES = YES;
				CODE_SIGN_STYLE = Automatic;
				CURRENT_PROJECT_VERSION = 1;
				GENERATE_INFOPLIST_FILE = YES;
				MARKETING_VERSION = 1.0;
				PRODUCT_BUNDLE_IDENTIFIER = sanket.SpendLessUITests;
				PRODUCT_NAME = "$(TARGET_NAME)";
				SWIFT_EMIT_LOC_STRINGS = NO;
				SWIFT_VERSION = 5.0;
				TARGETED_DEVICE_FAMILY = "1,2";
				TEST_TARGET_NAME = SpendLess;
			};
			name = Debug;
		};
		452BD0ED2C6BD67000D38BB2 /* Release */ = {
			isa = XCBuildConfiguration;
			buildSettings = {
				ALWAYS_EMBED_SWIFT_STANDARD_LIBRARIES = YES;
				CODE_SIGN_STYLE = Automatic;
				CURRENT_PROJECT_VERSION = 1;
				GENERATE_INFOPLIST_FILE = YES;
				MARKETING_VERSION = 1.0;
				PRODUCT_BUNDLE_IDENTIFIER = sanket.SpendLessUITests;
				PRODUCT_NAME = "$(TARGET_NAME)";
				SWIFT_EMIT_LOC_STRINGS = NO;
				SWIFT_VERSION = 5.0;
				TARGETED_DEVICE_FAMILY = "1,2";
				TEST_TARGET_NAME = SpendLess;
			};
			name = Release;
		};
/* End XCBuildConfiguration section */

/* Begin XCConfigurationList section */
		452BD0BA2C6BD66E00D38BB2 /* Build configuration list for PBXProject "SpendLess" */ = {
			isa = XCConfigurationList;
			buildConfigurations = (
				452BD0E32C6BD67000D38BB2 /* Debug */,
				452BD0E42C6BD67000D38BB2 /* Release */,
			);
			defaultConfigurationIsVisible = 0;
			defaultConfigurationName = Release;
		};
		452BD0E52C6BD67000D38BB2 /* Build configuration list for PBXNativeTarget "SpendLess" */ = {
			isa = XCConfigurationList;
			buildConfigurations = (
				452BD0E62C6BD67000D38BB2 /* Debug */,
				452BD0E72C6BD67000D38BB2 /* Release */,
			);
			defaultConfigurationIsVisible = 0;
			defaultConfigurationName = Release;
		};
		452BD0E82C6BD67000D38BB2 /* Build configuration list for PBXNativeTarget "SpendLessTests" */ = {
			isa = XCConfigurationList;
			buildConfigurations = (
				452BD0E92C6BD67000D38BB2 /* Debug */,
				452BD0EA2C6BD67000D38BB2 /* Release */,
			);
			defaultConfigurationIsVisible = 0;
			defaultConfigurationName = Release;
		};
		452BD0EB2C6BD67000D38BB2 /* Build configuration list for PBXNativeTarget "SpendLessUITests" */ = {
			isa = XCConfigurationList;
			buildConfigurations = (
				452BD0EC2C6BD67000D38BB2 /* Debug */,
				452BD0ED2C6BD67000D38BB2 /* Release */,
			);
			defaultConfigurationIsVisible = 0;
			defaultConfigurationName = Release;
		};
/* End XCConfigurationList section */
	};
	rootObject = 452BD0B72C6BD66E00D38BB2 /* Project object */;
}
